
Microsoft Visual Studio Solution File, Format Version 12.00
# Visual Studio Version 17
VisualStudioVersion = 17.2.32526.322
MinimumVisualStudioVersion = 10.0.40219.1
Project("{FAE04EC0-301F-11D3-BF4B-00C04F79EFBC}") = "M71-AspNetCore-Middlewares", "M71-AspNetCore-Middlewares.csproj", "{98C1651F-7A5A-4648-84B1-214E1B15CFDE}"
EndProject
Global
	GlobalSection(SolutionConfigurationPlatforms) = preSolution
		Debug|Any CPU = Debug|Any CPU
		Release|Any CPU = Release|Any CPU
	EndGlobalSection
	GlobalSection(ProjectConfigurationPlatforms) = postSolution
		{98C1651F-7A5A-4648-84B1-214E1B15CFDE}.Debug|Any CPU.ActiveCfg = Debug|Any CPU
		{98C1651F-7A5A-4648-84B1-214E1B15CFDE}.Debug|Any CPU.Build.0 = Debug|Any CPU
		{98C1651F-7A5A-4648-84B1-214E1B15CFDE}.Release|Any CPU.ActiveCfg = Release|Any CPU
		{98C1651F-7A5A-4648-84B1-214E1B15CFDE}.Release|Any CPU.Build.0 = Release|Any CPU
	EndGlobalSection
	GlobalSection(SolutionProperties) = preSolution
		HideSolutionNode = FALSE
	EndGlobalSection
	GlobalSection(ExtensibilityGlobals) = postSolution
		SolutionGuid = {C7237DF5-65B6-4E36-B285-B0363D576367}
	EndGlobalSection
EndGlobal
